
Microsoft Visual Studio Solution File, Format Version 12.00
# Visual Studio Version 16
VisualStudioVersion = 16.0.30204.135
MinimumVisualStudioVersion = 10.0.40219.1
Project("{FAE04EC0-301F-11D3-BF4B-00C04F79EFBC}") = "WebAPI", "WebAPI\WebAPI.csproj", "{AC6FF2E9-DD10-4D96-8FAE-06A92B8E5416}"
EndProject
Global
	GlobalSection(SolutionConfigurationPlatforms) = preSolution
		Debug|Any CPU = Debug|Any CPU
		Release|Any CPU = Release|Any CPU
	EndGlobalSection
	GlobalSection(ProjectConfigurationPlatforms) = postSolution
		{AC6FF2E9-DD10-4D96-8FAE-06A92B8E5416}.Debug|Any CPU.ActiveCfg = Debug|Any CPU
		{AC6FF2E9-DD10-4D96-8FAE-06A92B8E5416}.Debug|Any CPU.Build.0 = Debug|Any CPU
		{AC6FF2E9-DD10-4D96-8FAE-06A92B8E5416}.Release|Any CPU.ActiveCfg = Release|Any CPU
		{AC6FF2E9-DD10-4D96-8FAE-06A92B8E5416}.Release|Any CPU.Build.0 = Release|Any CPU
	EndGlobalSection
	GlobalSection(SolutionProperties) = preSolution
		HideSolutionNode = FALSE
	EndGlobalSection
	GlobalSection(ExtensibilityGlobals) = postSolution
		SolutionGuid = {676DDA41-5020-4710-9511-05619E65FBB1}
	EndGlobalSection
EndGlobal
